
Microsoft Visual Studio Solution File, Format Version 12.00
Project("{FAE04EC0-301F-11D3-BF4B-00C04F79EFBC}") = "WaterMangoApp", "WaterMangoApp.csproj", "{E239854E-262C-4DC6-95CA-AC535307D897}"
EndProject
Project("{FAE04EC0-301F-11D3-BF4B-00C04F79EFBC}") = "DataAccessService", "DataAccessService\DataAccessService.csproj", "{350FC2F1-C7AF-4C02-9CCC-EA2974C55FD7}"
EndProject
Global
	GlobalSection(SolutionConfigurationPlatforms) = preSolution
		Debug|Any CPU = Debug|Any CPU
		Release|Any CPU = Release|Any CPU
	EndGlobalSection
	GlobalSection(ProjectConfigurationPlatforms) = postSolution
		{E239854E-262C-4DC6-95CA-AC535307D897}.Debug|Any CPU.ActiveCfg = Debug|Any CPU
		{E239854E-262C-4DC6-95CA-AC535307D897}.Debug|Any CPU.Build.0 = Debug|Any CPU
		{E239854E-262C-4DC6-95CA-AC535307D897}.Release|Any CPU.ActiveCfg = Release|Any CPU
		{E239854E-262C-4DC6-95CA-AC535307D897}.Release|Any CPU.Build.0 = Release|Any CPU
		{350FC2F1-C7AF-4C02-9CCC-EA2974C55FD7}.Debug|Any CPU.ActiveCfg = Debug|Any CPU
		{350FC2F1-C7AF-4C02-9CCC-EA2974C55FD7}.Debug|Any CPU.Build.0 = Debug|Any CPU
		{350FC2F1-C7AF-4C02-9CCC-EA2974C55FD7}.Release|Any CPU.ActiveCfg = Release|Any CPU
		{350FC2F1-C7AF-4C02-9CCC-EA2974C55FD7}.Release|Any CPU.Build.0 = Release|Any CPU
	EndGlobalSection
EndGlobal
